
Microsoft Visual Studio Solution File, Format Version 12.00
# Visual Studio Version 16
VisualStudioVersion = 16.0.30413.136
MinimumVisualStudioVersion = 10.0.40219.1
Project("{FAE04EC0-301F-11D3-BF4B-00C04F79EFBC}") = "S02_T01_Classes", "S02_T01_Classes.csproj", "{DDB0BCBC-BE51-40DE-B337-C356217DB6C2}"
EndProject
Global
	GlobalSection(SolutionConfigurationPlatforms) = preSolution
		Debug|Any CPU = Debug|Any CPU
		Release|Any CPU = Release|Any CPU
	EndGlobalSection
	GlobalSection(ProjectConfigurationPlatforms) = postSolution
		{DDB0BCBC-BE51-40DE-B337-C356217DB6C2}.Debug|Any CPU.ActiveCfg = Debug|Any CPU
		{DDB0BCBC-BE51-40DE-B337-C356217DB6C2}.Debug|Any CPU.Build.0 = Debug|Any CPU
		{DDB0BCBC-BE51-40DE-B337-C356217DB6C2}.Release|Any CPU.ActiveCfg = Release|Any CPU
		{DDB0BCBC-BE51-40DE-B337-C356217DB6C2}.Release|Any CPU.Build.0 = Release|Any CPU
	EndGlobalSection
	GlobalSection(SolutionProperties) = preSolution
		HideSolutionNode = FALSE
	EndGlobalSection
	GlobalSection(ExtensibilityGlobals) = postSolution
		SolutionGuid = {79D56B90-250C-4895-820D-BAE8B96D4DD2}
	EndGlobalSection
EndGlobal
